
Microsoft Visual Studio Solution File, Format Version 12.00
# Visual Studio Version 17
VisualStudioVersion = 17.0.31903.59
MinimumVisualStudioVersion = 10.0.40219.1
Project("{FAE04EC0-301F-11D3-BF4B-00C04F79EFBC}") = "HospitalManagement.DataAccess", "HospitalManagement.DataAccess\HospitalManagement.DataAccess.csproj", "{DDBE023B-625C-4E11-BD08-4611ABDACE1B}"
EndProject
Project("{FAE04EC0-301F-11D3-BF4B-00C04F79EFBC}") = "HospitalManagement.BusinessLogic", "HospitalManagement.BusinessLogic\HospitalManagement.BusinessLogic.csproj", "{8A529BDA-6023-447D-89D2-5741AC950B40}"
EndProject
Project("{FAE04EC0-301F-11D3-BF4B-00C04F79EFBC}") = "HospitalManagement.API", "HospitalManagement.API\HospitalManagement.API.csproj", "{F5160641-96F9-4B54-A687-13081C019A80}"
EndProject
Project("{FAE04EC0-301F-11D3-BF4B-00C04F79EFBC}") = "HospitalManagement.Tests", "HospitalManagement.Tests\HospitalManagement.Tests.csproj", "{B9CA07CD-8B7D-4728-8ED6-98F9DC583759}"
EndProject
Global
	GlobalSection(SolutionProperties) = preSolution
		HideSolutionNode = FALSE
	EndGlobalSection
	GlobalSection(SolutionConfigurationPlatforms) = preSolution
		Debug|Any CPU = Debug|Any CPU
		Debug|x64 = Debug|x64
		Debug|x86 = Debug|x86
		Release|Any CPU = Release|Any CPU
		Release|x64 = Release|x64
		Release|x86 = Release|x86
	EndGlobalSection
	GlobalSection(ProjectConfigurationPlatforms) = postSolution
		{DDBE023B-625C-4E11-BD08-4611ABDACE1B}.Debug|Any CPU.ActiveCfg = Debug|Any CPU
		{DDBE023B-625C-4E11-BD08-4611ABDACE1B}.Debug|Any CPU.Build.0 = Debug|Any CPU
		{DDBE023B-625C-4E11-BD08-4611ABDACE1B}.Debug|x64.ActiveCfg = Debug|Any CPU
		{DDBE023B-625C-4E11-BD08-4611ABDACE1B}.Debug|x64.Build.0 = Debug|Any CPU
		{DDBE023B-625C-4E11-BD08-4611ABDACE1B}.Debug|x86.ActiveCfg = Debug|Any CPU
		{DDBE023B-625C-4E11-BD08-4611ABDACE1B}.Debug|x86.Build.0 = Debug|Any CPU
		{DDBE023B-625C-4E11-BD08-4611ABDACE1B}.Release|Any CPU.ActiveCfg = Release|Any CPU
		{DDBE023B-625C-4E11-BD08-4611ABDACE1B}.Release|Any CPU.Build.0 = Release|Any CPU
		{DDBE023B-625C-4E11-BD08-4611ABDACE1B}.Release|x64.ActiveCfg = Release|Any CPU
		{DDBE023B-625C-4E11-BD08-4611ABDACE1B}.Release|x64.Build.0 = Release|Any CPU
		{DDBE023B-625C-4E11-BD08-4611ABDACE1B}.Release|x86.ActiveCfg = Release|Any CPU
		{DDBE023B-625C-4E11-BD08-4611ABDACE1B}.Release|x86.Build.0 = Release|Any CPU
		{8A529BDA-6023-447D-89D2-5741AC950B40}.Debug|Any CPU.ActiveCfg = Debug|Any CPU
		{8A529BDA-6023-447D-89D2-5741AC950B40}.Debug|Any CPU.Build.0 = Debug|Any CPU
		{8A529BDA-6023-447D-89D2-5741AC950B40}.Debug|x64.ActiveCfg = Debug|Any CPU
		{8A529BDA-6023-447D-89D2-5741AC950B40}.Debug|x64.Build.0 = Debug|Any CPU
		{8A529BDA-6023-447D-89D2-5741AC950B40}.Debug|x86.ActiveCfg = Debug|Any CPU
		{8A529BDA-6023-447D-89D2-5741AC950B40}.Debug|x86.Build.0 = Debug|Any CPU
		{8A529BDA-6023-447D-89D2-5741AC950B40}.Release|Any CPU.ActiveCfg = Release|Any CPU
		{8A529BDA-6023-447D-89D2-5741AC950B40}.Release|Any CPU.Build.0 = Release|Any CPU
		{8A529BDA-6023-447D-89D2-5741AC950B40}.Release|x64.ActiveCfg = Release|Any CPU
		{8A529BDA-6023-447D-89D2-5741AC950B40}.Release|x64.Build.0 = Release|Any CPU
		{8A529BDA-6023-447D-89D2-5741AC950B40}.Release|x86.ActiveCfg = Release|Any CPU
		{8A529BDA-6023-447D-89D2-5741AC950B40}.Release|x86.Build.0 = Release|Any CPU
		{F5160641-96F9-4B54-A687-13081C019A80}.Debug|Any CPU.ActiveCfg = Debug|Any CPU
		{F5160641-96F9-4B54-A687-13081C019A80}.Debug|Any CPU.Build.0 = Debug|Any CPU
		{F5160641-96F9-4B54-A687-13081C019A80}.Debug|x64.ActiveCfg = Debug|Any CPU
		{F5160641-96F9-4B54-A687-13081C019A80}.Debug|x64.Build.0 = Debug|Any CPU
		{F5160641-96F9-4B54-A687-13081C019A80}.Debug|x86.ActiveCfg = Debug|Any CPU
		{F5160641-96F9-4B54-A687-13081C019A80}.Debug|x86.Build.0 = Debug|Any CPU
		{F5160641-96F9-4B54-A687-13081C019A80}.Release|Any CPU.ActiveCfg = Release|Any CPU
		{F5160641-96F9-4B54-A687-13081C019A80}.Release|Any CPU.Build.0 = Release|Any CPU
		{F5160641-96F9-4B54-A687-13081C019A80}.Release|x64.ActiveCfg = Release|Any CPU
		{F5160641-96F9-4B54-A687-13081C019A80}.Release|x64.Build.0 = Release|Any CPU
		{F5160641-96F9-4B54-A687-13081C019A80}.Release|x86.ActiveCfg = Release|Any CPU
		{F5160641-96F9-4B54-A687-13081C019A80}.Release|x86.Build.0 = Release|Any CPU
		{B9CA07CD-8B7D-4728-8ED6-98F9DC583759}.Debug|Any CPU.ActiveCfg = Debug|Any CPU
		{B9CA07CD-8B7D-4728-8ED6-98F9DC583759}.Debug|Any CPU.Build.0 = Debug|Any CPU
		{B9CA07CD-8B7D-4728-8ED6-98F9DC583759}.Debug|x64.ActiveCfg = Debug|Any CPU
		{B9CA07CD-8B7D-4728-8ED6-98F9DC583759}.Debug|x64.Build.0 = Debug|Any CPU
		{B9CA07CD-8B7D-4728-8ED6-98F9DC583759}.Debug|x86.ActiveCfg = Debug|Any CPU
		{B9CA07CD-8B7D-4728-8ED6-98F9DC583759}.Debug|x86.Build.0 = Debug|Any CPU
		{B9CA07CD-8B7D-4728-8ED6-98F9DC583759}.Release|Any CPU.ActiveCfg = Release|Any CPU
		{B9CA07CD-8B7D-4728-8ED6-98F9DC583759}.Release|Any CPU.Build.0 = Release|Any CPU
		{B9CA07CD-8B7D-4728-8ED6-98F9DC583759}.Release|x64.ActiveCfg = Release|Any CPU
		{B9CA07CD-8B7D-4728-8ED6-98F9DC583759}.Release|x64.Build.0 = Release|Any CPU
		{B9CA07CD-8B7D-4728-8ED6-98F9DC583759}.Release|x86.ActiveCfg = Release|Any CPU
		{B9CA07CD-8B7D-4728-8ED6-98F9DC583759}.Release|x86.Build.0 = Release|Any CPU
	EndGlobalSection
EndGlobal
